
Microsoft Visual Studio Solution File, Format Version 12.00
# Visual Studio Version 17
VisualStudioVersion = 17.14.36930.0
MinimumVisualStudioVersion = 10.0.40219.1
Project("{FAE04EC0-301F-11D3-BF4B-00C04F79EFBC}") = "Binary Number with Alternating Bits", "Binary Number with Alternating Bits\Binary Number with Alternating Bits.csproj", "{439CB40C-18A6-48E5-8BA4-7D705AC10B5B}"
EndProject
Project("{FAE04EC0-301F-11D3-BF4B-00C04F79EFBC}") = "3Sum", "3Sum\3Sum.csproj", "{49C5C430-425C-4145-B2AA-5AF8EBDA104E}"
EndProject
Project("{FAE04EC0-301F-11D3-BF4B-00C04F79EFBC}") = "Sort Integers by The Number of 1 Bits", "Sort Integers by The Number of 1 Bits\Sort Integers by The Number of 1 Bits.csproj", "{2538D604-D4D2-404A-9BE2-7D7C45FCEA26}"
EndProject
Project("{FAE04EC0-301F-11D3-BF4B-00C04F79EFBC}") = "Number of Steps", "Number of Steps\Number of Steps.csproj", "{3C096154-B28B-488F-8694-E3D951A28722}"
EndProject
Project("{FAE04EC0-301F-11D3-BF4B-00C04F79EFBC}") = "MinOperations", "MinOperations\MinOperations.csproj", "{94AC5983-C32C-47B5-A34D-59BFCD6D2C8B}"
EndProject
Global
	GlobalSection(SolutionConfigurationPlatforms) = preSolution
		Debug|Any CPU = Debug|Any CPU
		Release|Any CPU = Release|Any CPU
	EndGlobalSection
	GlobalSection(ProjectConfigurationPlatforms) = postSolution
		{439CB40C-18A6-48E5-8BA4-7D705AC10B5B}.Debug|Any CPU.ActiveCfg = Debug|Any CPU
		{439CB40C-18A6-48E5-8BA4-7D705AC10B5B}.Debug|Any CPU.Build.0 = Debug|Any CPU
		{439CB40C-18A6-48E5-8BA4-7D705AC10B5B}.Release|Any CPU.ActiveCfg = Release|Any CPU
		{439CB40C-18A6-48E5-8BA4-7D705AC10B5B}.Release|Any CPU.Build.0 = Release|Any CPU
		{49C5C430-425C-4145-B2AA-5AF8EBDA104E}.Debug|Any CPU.ActiveCfg = Debug|Any CPU
		{49C5C430-425C-4145-B2AA-5AF8EBDA104E}.Debug|Any CPU.Build.0 = Debug|Any CPU
		{49C5C430-425C-4145-B2AA-5AF8EBDA104E}.Release|Any CPU.ActiveCfg = Release|Any CPU
		{49C5C430-425C-4145-B2AA-5AF8EBDA104E}.Release|Any CPU.Build.0 = Release|Any CPU
		{2538D604-D4D2-404A-9BE2-7D7C45FCEA26}.Debug|Any CPU.ActiveCfg = Debug|Any CPU
		{2538D604-D4D2-404A-9BE2-7D7C45FCEA26}.Debug|Any CPU.Build.0 = Debug|Any CPU
		{2538D604-D4D2-404A-9BE2-7D7C45FCEA26}.Release|Any CPU.ActiveCfg = Release|Any CPU
		{2538D604-D4D2-404A-9BE2-7D7C45FCEA26}.Release|Any CPU.Build.0 = Release|Any CPU
		{3C096154-B28B-488F-8694-E3D951A28722}.Debug|Any CPU.ActiveCfg = Debug|Any CPU
		{3C096154-B28B-488F-8694-E3D951A28722}.Debug|Any CPU.Build.0 = Debug|Any CPU
		{3C096154-B28B-488F-8694-E3D951A28722}.Release|Any CPU.ActiveCfg = Release|Any CPU
		{3C096154-B28B-488F-8694-E3D951A28722}.Release|Any CPU.Build.0 = Release|Any CPU
		{94AC5983-C32C-47B5-A34D-59BFCD6D2C8B}.Debug|Any CPU.ActiveCfg = Debug|Any CPU
		{94AC5983-C32C-47B5-A34D-59BFCD6D2C8B}.Debug|Any CPU.Build.0 = Debug|Any CPU
		{94AC5983-C32C-47B5-A34D-59BFCD6D2C8B}.Release|Any CPU.ActiveCfg = Release|Any CPU
		{94AC5983-C32C-47B5-A34D-59BFCD6D2C8B}.Release|Any CPU.Build.0 = Release|Any CPU
	EndGlobalSection
	GlobalSection(SolutionProperties) = preSolution
		HideSolutionNode = FALSE
	EndGlobalSection
	GlobalSection(ExtensibilityGlobals) = postSolution
		SolutionGuid = {036E8DA4-3F69-4F05-87B8-4C98A6EDE3D3}
	EndGlobalSection
EndGlobal
